
Microsoft Visual Studio Solution File, Format Version 12.00
# Visual Studio Version 16
VisualStudioVersion = 16.0.33328.57
MinimumVisualStudioVersion = 10.0.40219.1
Project("{FAE04EC0-301F-11D3-BF4B-00C04F79EFBC}") = "OpenDriveXMLGenerator", "OpenDriveXMLGenerator\OpenDriveXMLGenerator.csproj", "{4A4A9405-6FBD-41C3-A9A8-A7E3FE2ADE23}"
EndProject
Global
	GlobalSection(SolutionConfigurationPlatforms) = preSolution
		Debug|Any CPU = Debug|Any CPU
		Release|Any CPU = Release|Any CPU
	EndGlobalSection
	GlobalSection(ProjectConfigurationPlatforms) = postSolution
		{4A4A9405-6FBD-41C3-A9A8-A7E3FE2ADE23}.Debug|Any CPU.ActiveCfg = Debug|Any CPU
		{4A4A9405-6FBD-41C3-A9A8-A7E3FE2ADE23}.Debug|Any CPU.Build.0 = Debug|Any CPU
		{4A4A9405-6FBD-41C3-A9A8-A7E3FE2ADE23}.Release|Any CPU.ActiveCfg = Release|Any CPU
		{4A4A9405-6FBD-41C3-A9A8-A7E3FE2ADE23}.Release|Any CPU.Build.0 = Release|Any CPU
	EndGlobalSection
	GlobalSection(SolutionProperties) = preSolution
		HideSolutionNode = FALSE
	EndGlobalSection
	GlobalSection(ExtensibilityGlobals) = postSolution
		SolutionGuid = {4671B572-EF8F-4BBE-A513-FC6D0C62B624}
	EndGlobalSection
EndGlobal
