
Microsoft Visual Studio Solution File, Format Version 12.00
# Visual Studio Version 17
VisualStudioVersion = 17.3.32929.385
MinimumVisualStudioVersion = 10.0.40219.1
Project("{FAE04EC0-301F-11D3-BF4B-00C04F79EFBC}") = "ExportScenario", "ExportScenario\ExportScenario.csproj", "{B4183F24-8603-43C4-9B71-320BA0C72B49}"
EndProject
Project("{FAE04EC0-301F-11D3-BF4B-00C04F79EFBC}") = "ExportScenarioTest", "ExportScenarioTest\ExportScenarioTest.csproj", "{E7E76074-0B2C-47F0-8925-A40C5857EE80}"
EndProject
Global
	GlobalSection(SolutionConfigurationPlatforms) = preSolution
		Debug|Any CPU = Debug|Any CPU
		Release|Any CPU = Release|Any CPU
	EndGlobalSection
	GlobalSection(ProjectConfigurationPlatforms) = postSolution
		{B4183F24-8603-43C4-9B71-320BA0C72B49}.Debug|Any CPU.ActiveCfg = Debug|Any CPU
		{B4183F24-8603-43C4-9B71-320BA0C72B49}.Debug|Any CPU.Build.0 = Debug|Any CPU
		{B4183F24-8603-43C4-9B71-320BA0C72B49}.Release|Any CPU.ActiveCfg = Release|Any CPU
		{B4183F24-8603-43C4-9B71-320BA0C72B49}.Release|Any CPU.Build.0 = Release|Any CPU
		{E7E76074-0B2C-47F0-8925-A40C5857EE80}.Debug|Any CPU.ActiveCfg = Debug|Any CPU
		{E7E76074-0B2C-47F0-8925-A40C5857EE80}.Debug|Any CPU.Build.0 = Debug|Any CPU
		{E7E76074-0B2C-47F0-8925-A40C5857EE80}.Release|Any CPU.ActiveCfg = Release|Any CPU
		{E7E76074-0B2C-47F0-8925-A40C5857EE80}.Release|Any CPU.Build.0 = Release|Any CPU
	EndGlobalSection
	GlobalSection(SolutionProperties) = preSolution
		HideSolutionNode = FALSE
	EndGlobalSection
	GlobalSection(ExtensibilityGlobals) = postSolution
		SolutionGuid = {04823D7D-CC38-44BA-91AE-3302730AFAE3}
	EndGlobalSection
EndGlobal
